
Microsoft Visual Studio Solution File, Format Version 12.00
# Visual Studio 15
VisualStudioVersion = 15.0.28307.421
MinimumVisualStudioVersion = 10.0.40219.1
Project("{9A19103F-16F7-4668-BE54-9A1E7A4F7556}") = "XamForms", "XamForms\XamForms.csproj", "{B5D04143-1210-4727-9F50-3B286E4F067B}"
EndProject
Project("{2150E333-8FDC-42A3-9474-1A3956D46DE8}") = "Samples", "Samples", "{DF178784-1E78-4BCD-88C9-C25902522B0C}"
EndProject
Project("{FAE04EC0-301F-11D3-BF4B-00C04F79EFBC}") = "Xamforms.Autocomplete.Test.Android", "Xamforms.Autocomplete.Test\Xamforms.Autocomplete.Test.Android\Xamforms.Autocomplete.Test.Android.csproj", "{A04B9A43-C3B1-4569-86E0-BBA62A5EF052}"
EndProject
Project("{FAE04EC0-301F-11D3-BF4B-00C04F79EFBC}") = "Xamforms.Autocomplete.Test.iOS", "Xamforms.Autocomplete.Test\Xamforms.Autocomplete.Test.iOS\Xamforms.Autocomplete.Test.iOS.csproj", "{0135B921-D9D5-4473-AC96-426E0E75491E}"
EndProject
Project("{FAE04EC0-301F-11D3-BF4B-00C04F79EFBC}") = "Xamforms.Autocomplete.Test", "Xamforms.Autocomplete.Test\Xamforms.Autocomplete.Test\Xamforms.Autocomplete.Test.csproj", "{8AECEBEA-DE43-4DD6-B289-6053DDF23337}"
EndProject
Global
	GlobalSection(SolutionConfigurationPlatforms) = preSolution
		Ad-Hoc|Any CPU = Ad-Hoc|Any CPU
		Ad-Hoc|iPhone = Ad-Hoc|iPhone
		Ad-Hoc|iPhoneSimulator = Ad-Hoc|iPhoneSimulator
		AppStore|Any CPU = AppStore|Any CPU
		AppStore|iPhone = AppStore|iPhone
		AppStore|iPhoneSimulator = AppStore|iPhoneSimulator
		Debug|Any CPU = Debug|Any CPU
		Debug|iPhone = Debug|iPhone
		Debug|iPhoneSimulator = Debug|iPhoneSimulator
		Release|Any CPU = Release|Any CPU
		Release|iPhone = Release|iPhone
		Release|iPhoneSimulator = Release|iPhoneSimulator
	EndGlobalSection
	GlobalSection(ProjectConfigurationPlatforms) = postSolution
		{B5D04143-1210-4727-9F50-3B286E4F067B}.Ad-Hoc|Any CPU.ActiveCfg = Release|Any CPU
		{B5D04143-1210-4727-9F50-3B286E4F067B}.Ad-Hoc|Any CPU.Build.0 = Release|Any CPU
		{B5D04143-1210-4727-9F50-3B286E4F067B}.Ad-Hoc|iPhone.ActiveCfg = Release|Any CPU
		{B5D04143-1210-4727-9F50-3B286E4F067B}.Ad-Hoc|iPhone.Build.0 = Release|Any CPU
		{B5D04143-1210-4727-9F50-3B286E4F067B}.Ad-Hoc|iPhoneSimulator.ActiveCfg = Release|Any CPU
		{B5D04143-1210-4727-9F50-3B286E4F067B}.Ad-Hoc|iPhoneSimulator.Build.0 = Release|Any CPU
		{B5D04143-1210-4727-9F50-3B286E4F067B}.AppStore|Any CPU.ActiveCfg = Release|Any CPU
		{B5D04143-1210-4727-9F50-3B286E4F067B}.AppStore|Any CPU.Build.0 = Release|Any CPU
		{B5D04143-1210-4727-9F50-3B286E4F067B}.AppStore|iPhone.ActiveCfg = Release|Any CPU
		{B5D04143-1210-4727-9F50-3B286E4F067B}.AppStore|iPhone.Build.0 = Release|Any CPU
		{B5D04143-1210-4727-9F50-3B286E4F067B}.AppStore|iPhoneSimulator.ActiveCfg = Release|Any CPU
		{B5D04143-1210-4727-9F50-3B286E4F067B}.AppStore|iPhoneSimulator.Build.0 = Release|Any CPU
		{B5D04143-1210-4727-9F50-3B286E4F067B}.Debug|Any CPU.ActiveCfg = Debug|Any CPU
		{B5D04143-1210-4727-9F50-3B286E4F067B}.Debug|Any CPU.Build.0 = Debug|Any CPU
		{B5D04143-1210-4727-9F50-3B286E4F067B}.Debug|iPhone.ActiveCfg = Debug|Any CPU
		{B5D04143-1210-4727-9F50-3B286E4F067B}.Debug|iPhone.Build.0 = Debug|Any CPU
		{B5D04143-1210-4727-9F50-3B286E4F067B}.Debug|iPhoneSimulator.ActiveCfg = Debug|Any CPU
		{B5D04143-1210-4727-9F50-3B286E4F067B}.Debug|iPhoneSimulator.Build.0 = Debug|Any CPU
		{B5D04143-1210-4727-9F50-3B286E4F067B}.Release|Any CPU.ActiveCfg = Release|Any CPU
		{B5D04143-1210-4727-9F50-3B286E4F067B}.Release|Any CPU.Build.0 = Release|Any CPU
		{B5D04143-1210-4727-9F50-3B286E4F067B}.Release|iPhone.ActiveCfg = Release|Any CPU
		{B5D04143-1210-4727-9F50-3B286E4F067B}.Release|iPhone.Build.0 = Release|Any CPU
		{B5D04143-1210-4727-9F50-3B286E4F067B}.Release|iPhoneSimulator.ActiveCfg = Release|Any CPU
		{B5D04143-1210-4727-9F50-3B286E4F067B}.Release|iPhoneSimulator.Build.0 = Release|Any CPU
		{A04B9A43-C3B1-4569-86E0-BBA62A5EF052}.Ad-Hoc|Any CPU.ActiveCfg = Release|Any CPU
		{A04B9A43-C3B1-4569-86E0-BBA62A5EF052}.Ad-Hoc|Any CPU.Build.0 = Release|Any CPU
		{A04B9A43-C3B1-4569-86E0-BBA62A5EF052}.Ad-Hoc|Any CPU.Deploy.0 = Release|Any CPU
		{A04B9A43-C3B1-4569-86E0-BBA62A5EF052}.Ad-Hoc|iPhone.ActiveCfg = Release|Any CPU
		{A04B9A43-C3B1-4569-86E0-BBA62A5EF052}.Ad-Hoc|iPhone.Build.0 = Release|Any CPU
		{A04B9A43-C3B1-4569-86E0-BBA62A5EF052}.Ad-Hoc|iPhone.Deploy.0 = Release|Any CPU
		{A04B9A43-C3B1-4569-86E0-BBA62A5EF052}.Ad-Hoc|iPhoneSimulator.ActiveCfg = Release|Any CPU
		{A04B9A43-C3B1-4569-86E0-BBA62A5EF052}.Ad-Hoc|iPhoneSimulator.Build.0 = Release|Any CPU
		{A04B9A43-C3B1-4569-86E0-BBA62A5EF052}.Ad-Hoc|iPhoneSimulator.Deploy.0 = Release|Any CPU
		{A04B9A43-C3B1-4569-86E0-BBA62A5EF052}.AppStore|Any CPU.ActiveCfg = Release|Any CPU
		{A04B9A43-C3B1-4569-86E0-BBA62A5EF052}.AppStore|Any CPU.Build.0 = Release|Any CPU
		{A04B9A43-C3B1-4569-86E0-BBA62A5EF052}.AppStore|Any CPU.Deploy.0 = Release|Any CPU
		{A04B9A43-C3B1-4569-86E0-BBA62A5EF052}.AppStore|iPhone.ActiveCfg = Release|Any CPU
		{A04B9A43-C3B1-4569-86E0-BBA62A5EF052}.AppStore|iPhone.Build.0 = Release|Any CPU
		{A04B9A43-C3B1-4569-86E0-BBA62A5EF052}.AppStore|iPhone.Deploy.0 = Release|Any CPU
		{A04B9A43-C3B1-4569-86E0-BBA62A5EF052}.AppStore|iPhoneSimulator.ActiveCfg = Release|Any CPU
		{A04B9A43-C3B1-4569-86E0-BBA62A5EF052}.AppStore|iPhoneSimulator.Build.0 = Release|Any CPU
		{A04B9A43-C3B1-4569-86E0-BBA62A5EF052}.AppStore|iPhoneSimulator.Deploy.0 = Release|Any CPU
		{A04B9A43-C3B1-4569-86E0-BBA62A5EF052}.Debug|Any CPU.ActiveCfg = Debug|Any CPU
		{A04B9A43-C3B1-4569-86E0-BBA62A5EF052}.Debug|Any CPU.Build.0 = Debug|Any CPU
		{A04B9A43-C3B1-4569-86E0-BBA62A5EF052}.Debug|Any CPU.Deploy.0 = Debug|Any CPU
		{A04B9A43-C3B1-4569-86E0-BBA62A5EF052}.Debug|iPhone.ActiveCfg = Debug|Any CPU
		{A04B9A43-C3B1-4569-86E0-BBA62A5EF052}.Debug|iPhone.Build.0 = Debug|Any CPU
		{A04B9A43-C3B1-4569-86E0-BBA62A5EF052}.Debug|iPhone.Deploy.0 = Debug|Any CPU
		{A04B9A43-C3B1-4569-86E0-BBA62A5EF052}.Debug|iPhoneSimulator.ActiveCfg = Debug|Any CPU
		{A04B9A43-C3B1-4569-86E0-BBA62A5EF052}.Debug|iPhoneSimulator.Build.0 = Debug|Any CPU
		{A04B9A43-C3B1-4569-86E0-BBA62A5EF052}.Debug|iPhoneSimulator.Deploy.0 = Debug|Any CPU
		{A04B9A43-C3B1-4569-86E0-BBA62A5EF052}.Release|Any CPU.ActiveCfg = Release|Any CPU
		{A04B9A43-C3B1-4569-86E0-BBA62A5EF052}.Release|Any CPU.Build.0 = Release|Any CPU
		{A04B9A43-C3B1-4569-86E0-BBA62A5EF052}.Release|Any CPU.Deploy.0 = Release|Any CPU
		{A04B9A43-C3B1-4569-86E0-BBA62A5EF052}.Release|iPhone.ActiveCfg = Release|Any CPU
		{A04B9A43-C3B1-4569-86E0-BBA62A5EF052}.Release|iPhone.Build.0 = Release|Any CPU
		{A04B9A43-C3B1-4569-86E0-BBA62A5EF052}.Release|iPhone.Deploy.0 = Release|Any CPU
		{A04B9A43-C3B1-4569-86E0-BBA62A5EF052}.Release|iPhoneSimulator.ActiveCfg = Release|Any CPU
		{A04B9A43-C3B1-4569-86E0-BBA62A5EF052}.Release|iPhoneSimulator.Build.0 = Release|Any CPU
		{A04B9A43-C3B1-4569-86E0-BBA62A5EF052}.Release|iPhoneSimulator.Deploy.0 = Release|Any CPU
		{0135B921-D9D5-4473-AC96-426E0E75491E}.Ad-Hoc|Any CPU.ActiveCfg = Ad-Hoc|iPhone
		{0135B921-D9D5-4473-AC96-426E0E75491E}.Ad-Hoc|iPhone.ActiveCfg = Ad-Hoc|iPhone
		{0135B921-D9D5-4473-AC96-426E0E75491E}.Ad-Hoc|iPhone.Build.0 = Ad-Hoc|iPhone
		{0135B921-D9D5-4473-AC96-426E0E75491E}.Ad-Hoc|iPhoneSimulator.ActiveCfg = Ad-Hoc|iPhoneSimulator
		{0135B921-D9D5-4473-AC96-426E0E75491E}.Ad-Hoc|iPhoneSimulator.Build.0 = Ad-Hoc|iPhoneSimulator
		{0135B921-D9D5-4473-AC96-426E0E75491E}.AppStore|Any CPU.ActiveCfg = AppStore|iPhone
		{0135B921-D9D5-4473-AC96-426E0E75491E}.AppStore|iPhone.ActiveCfg = AppStore|iPhone
		{0135B921-D9D5-4473-AC96-426E0E75491E}.AppStore|iPhone.Build.0 = AppStore|iPhone
		{0135B921-D9D5-4473-AC96-426E0E75491E}.AppStore|iPhoneSimulator.ActiveCfg = AppStore|iPhoneSimulator
		{0135B921-D9D5-4473-AC96-426E0E75491E}.AppStore|iPhoneSimulator.Build.0 = AppStore|iPhoneSimulator
		{0135B921-D9D5-4473-AC96-426E0E75491E}.Debug|Any CPU.ActiveCfg = Debug|iPhone
		{0135B921-D9D5-4473-AC96-426E0E75491E}.Debug|iPhone.ActiveCfg = Debug|iPhone
		{0135B921-D9D5-4473-AC96-426E0E75491E}.Debug|iPhone.Build.0 = Debug|iPhone
		{0135B921-D9D5-4473-AC96-426E0E75491E}.Debug|iPhoneSimulator.ActiveCfg = Debug|iPhoneSimulator
		{0135B921-D9D5-4473-AC96-426E0E75491E}.Debug|iPhoneSimulator.Build.0 = Debug|iPhoneSimulator
		{0135B921-D9D5-4473-AC96-426E0E75491E}.Release|Any CPU.ActiveCfg = Release|iPhone
		{0135B921-D9D5-4473-AC96-426E0E75491E}.Release|iPhone.ActiveCfg = Release|iPhone
		{0135B921-D9D5-4473-AC96-426E0E75491E}.Release|iPhone.Build.0 = Release|iPhone
		{0135B921-D9D5-4473-AC96-426E0E75491E}.Release|iPhoneSimulator.ActiveCfg = Release|iPhoneSimulator
		{0135B921-D9D5-4473-AC96-426E0E75491E}.Release|iPhoneSimulator.Build.0 = Release|iPhoneSimulator
		{8AECEBEA-DE43-4DD6-B289-6053DDF23337}.Ad-Hoc|Any CPU.ActiveCfg = Debug|Any CPU
		{8AECEBEA-DE43-4DD6-B289-6053DDF23337}.Ad-Hoc|Any CPU.Build.0 = Debug|Any CPU
		{8AECEBEA-DE43-4DD6-B289-6053DDF23337}.Ad-Hoc|iPhone.ActiveCfg = Debug|Any CPU
		{8AECEBEA-DE43-4DD6-B289-6053DDF23337}.Ad-Hoc|iPhone.Build.0 = Debug|Any CPU
		{8AECEBEA-DE43-4DD6-B289-6053DDF23337}.Ad-Hoc|iPhoneSimulator.ActiveCfg = Debug|Any CPU
		{8AECEBEA-DE43-4DD6-B289-6053DDF23337}.Ad-Hoc|iPhoneSimulator.Build.0 = Debug|Any CPU
		{8AECEBEA-DE43-4DD6-B289-6053DDF23337}.AppStore|Any CPU.ActiveCfg = Debug|Any CPU
		{8AECEBEA-DE43-4DD6-B289-6053DDF23337}.AppStore|Any CPU.Build.0 = Debug|Any CPU
		{8AECEBEA-DE43-4DD6-B289-6053DDF23337}.AppStore|iPhone.ActiveCfg = Debug|Any CPU
		{8AECEBEA-DE43-4DD6-B289-6053DDF23337}.AppStore|iPhone.Build.0 = Debug|Any CPU
		{8AECEBEA-DE43-4DD6-B289-6053DDF23337}.AppStore|iPhoneSimulator.ActiveCfg = Debug|Any CPU
		{8AECEBEA-DE43-4DD6-B289-6053DDF23337}.AppStore|iPhoneSimulator.Build.0 = Debug|Any CPU
		{8AECEBEA-DE43-4DD6-B289-6053DDF23337}.Debug|Any CPU.ActiveCfg = Debug|Any CPU
		{8AECEBEA-DE43-4DD6-B289-6053DDF23337}.Debug|Any CPU.Build.0 = Debug|Any CPU
		{8AECEBEA-DE43-4DD6-B289-6053DDF23337}.Debug|iPhone.ActiveCfg = Debug|Any CPU
		{8AECEBEA-DE43-4DD6-B289-6053DDF23337}.Debug|iPhone.Build.0 = Debug|Any CPU
		{8AECEBEA-DE43-4DD6-B289-6053DDF23337}.Debug|iPhoneSimulator.ActiveCfg = Debug|Any CPU
		{8AECEBEA-DE43-4DD6-B289-6053DDF23337}.Debug|iPhoneSimulator.Build.0 = Debug|Any CPU
		{8AECEBEA-DE43-4DD6-B289-6053DDF23337}.Release|Any CPU.ActiveCfg = Release|Any CPU
		{8AECEBEA-DE43-4DD6-B289-6053DDF23337}.Release|Any CPU.Build.0 = Release|Any CPU
		{8AECEBEA-DE43-4DD6-B289-6053DDF23337}.Release|iPhone.ActiveCfg = Release|Any CPU
		{8AECEBEA-DE43-4DD6-B289-6053DDF23337}.Release|iPhone.Build.0 = Release|Any CPU
		{8AECEBEA-DE43-4DD6-B289-6053DDF23337}.Release|iPhoneSimulator.ActiveCfg = Release|Any CPU
		{8AECEBEA-DE43-4DD6-B289-6053DDF23337}.Release|iPhoneSimulator.Build.0 = Release|Any CPU
	EndGlobalSection
	GlobalSection(SolutionProperties) = preSolution
		HideSolutionNode = FALSE
	EndGlobalSection
	GlobalSection(NestedProjects) = preSolution
		{A04B9A43-C3B1-4569-86E0-BBA62A5EF052} = {DF178784-1E78-4BCD-88C9-C25902522B0C}
		{0135B921-D9D5-4473-AC96-426E0E75491E} = {DF178784-1E78-4BCD-88C9-C25902522B0C}
		{8AECEBEA-DE43-4DD6-B289-6053DDF23337} = {DF178784-1E78-4BCD-88C9-C25902522B0C}
	EndGlobalSection
	GlobalSection(ExtensibilityGlobals) = postSolution
		SolutionGuid = {8DDA2380-F7E6-4D82-B52F-B1FBC7E5FC6F}
	EndGlobalSection
EndGlobal
